// !$*UTF8*$!
{
	archiveVersion = 1;
	classes = {
	};
	objectVersion = 50;
	objects = {

/* Begin PBXBuildFile section */
		1EE190BF22112BEB0061B621 /* AppDelegate.swift in Sources */ = {isa = PBXBuildFile; fileRef = 1EE190BE22112BEB0061B621 /* AppDelegate.swift */; };
		1EE190C122112BEB0061B621 /* ViewController.swift in Sources */ = {isa = PBXBuildFile; fileRef = 1EE190C022112BEB0061B621 /* ViewController.swift */; };
		1EE190C422112BEB0061B621 /* Main.storyboard in Resources */ = {isa = PBXBuildFile; fileRef = 1EE190C222112BEB0061B621 /* Main.storyboard */; };
		1EE190C622112BEC0061B621 /* Assets.xcassets in Resources */ = {isa = PBXBuildFile; fileRef = 1EE190C522112BEC0061B621 /* Assets.xcassets */; };
		1EE190C922112BEC0061B621 /* LaunchScreen.storyboard in Resources */ = {isa = PBXBuildFile; fileRef = 1EE190C722112BEC0061B621 /* LaunchScreen.storyboard */; };
		1EE190D422112BEC0061B621 /* tableViewTests.swift in Sources */ = {isa = PBXBuildFile; fileRef = 1EE190D322112BEC0061B621 /* tableViewTests.swift */; };
		1EE190DF22112BEC0061B621 /* tableViewUITests.swift in Sources */ = {isa = PBXBuildFile; fileRef = 1EE190DE22112BEC0061B621 /* tableViewUITests.swift */; };
		1EE190ED221148260061B621 /* TableViewExtension.swift in Sources */ = {isa = PBXBuildFile; fileRef = 1EE190EC221148260061B621 /* TableViewExtension.swift */; };
		8C8AA3BEA7D24F01D1A06F96 /* Pods_tableView.framework in Frameworks */ = {isa = PBXBuildFile; fileRef = 08BC90CEA33B37E976512B9C /* Pods_tableView.framework */; };
/* End PBXBuildFile section */

/* Begin PBXContainerItemProxy section */
		1EE190D022112BEC0061B621 /* PBXContainerItemProxy */ = {
			isa = PBXContainerItemProxy;
			containerPortal = 1EE190B322112BEB0061B621 /* Project object */;
			proxyType = 1;
			remoteGlobalIDString = 1EE190BA22112BEB0061B621;
			remoteInfo = tableView;
		};
		1EE190DB22112BEC0061B621 /* PBXContainerItemProxy */ = {
			isa = PBXContainerItemProxy;
			containerPortal = 1EE190B322112BEB0061B621 /* Project object */;
			proxyType = 1;
			remoteGlobalIDString = 1EE190BA22112BEB0061B621;
			remoteInfo = tableView;
		};
/* End PBXContainerItemProxy section */

/* Begin PBXFileReference section */
		08BC90CEA33B37E976512B9C /* Pods_tableView.framework */ = {isa = PBXFileReference; explicitFileType = wrapper.framework; includeInIndex = 0; path = Pods_tableView.framework; sourceTree = BUILT_PRODUCTS_DIR; };
		1EE190BB22112BEB0061B621 /* tableView.app */ = {isa = PBXFileReference; explicitFileType = wrapper.application; includeInIndex = 0; path = tableView.app; sourceTree = BUILT_PRODUCTS_DIR; };
		1EE190BE22112BEB0061B621 /* AppDelegate.swift */ = {isa = PBXFileReference; lastKnownFileType = sourcecode.swift; path = AppDelegate.swift; sourceTree = "<group>"; };
		1EE190C022112BEB0061B621 /* ViewController.swift */ = {isa = PBXFileReference; lastKnownFileType = sourcecode.swift; path = ViewController.swift; sourceTree = "<group>"; };
		1EE190C322112BEB0061B621 /* Base */ = {isa = PBXFileReference; lastKnownFileType = file.storyboard; name = Base; path = Base.lproj/Main.storyboard; sourceTree = "<group>"; };
		1EE190C522112BEC0061B621 /* Assets.xcassets */ = {isa = PBXFileReference; lastKnownFileType = folder.assetcatalog; path = Assets.xcassets; sourceTree = "<group>"; };
		1EE190C822112BEC0061B621 /* Base */ = {isa = PBXFileReference; lastKnownFileType = file.storyboard; name = Base; path = Base.lproj/LaunchScreen.storyboard; sourceTree = "<group>"; };
		1EE190CA22112BEC0061B621 /* Info.plist */ = {isa = PBXFileReference; lastKnownFileType = text.plist.xml; path = Info.plist; sourceTree = "<group>"; };
		1EE190CF22112BEC0061B621 /* tableViewTests.xctest */ = {isa = PBXFileReference; explicitFileType = wrapper.cfbundle; includeInIndex = 0; path = tableViewTests.xctest; sourceTree = BUILT_PRODUCTS_DIR; };
		1EE190D322112BEC0061B621 /* tableViewTests.swift */ = {isa = PBXFileReference; lastKnownFileType = sourcecode.swift; path = tableViewTests.swift; sourceTree = "<group>"; };
		1EE190D522112BEC0061B621 /* Info.plist */ = {isa = PBXFileReference; lastKnownFileType = text.plist.xml; path = Info.plist; sourceTree = "<group>"; };
		1EE190DA22112BEC0061B621 /* tableViewUITests.xctest */ = {isa = PBXFileReference; explicitFileType = wrapper.cfbundle; includeInIndex = 0; path = tableViewUITests.xctest; sourceTree = BUILT_PRODUCTS_DIR; };
		1EE190DE22112BEC0061B621 /* tableViewUITests.swift */ = {isa = PBXFileReference; lastKnownFileType = sourcecode.swift; path = tableViewUITests.swift; sourceTree = "<group>"; };
		1EE190E022112BEC0061B621 /* Info.plist */ = {isa = PBXFileReference; lastKnownFileType = text.plist.xml; path = Info.plist; sourceTree = "<group>"; };
		1EE190EC221148260061B621 /* TableViewExtension.swift */ = {isa = PBXFileReference; fileEncoding = 4; lastKnownFileType = sourcecode.swift; path = TableViewExtension.swift; sourceTree = "<group>"; };
		606D7CDB67C2FAF8FD4C3F8F /* Pods-tableView.release.xcconfig */ = {isa = PBXFileReference; includeInIndex = 1; lastKnownFileType = text.xcconfig; name = "Pods-tableView.release.xcconfig"; path = "../../Pods/Target Support Files/Pods-tableView/Pods-tableView.release.xcconfig"; sourceTree = "<group>"; };
		B647C644FE81E93AC00E9E8D /* Pods-tableView.debug.xcconfig */ = {isa = PBXFileReference; includeInIndex = 1; lastKnownFileType = text.xcconfig; name = "Pods-tableView.debug.xcconfig"; path = "../../Pods/Target Support Files/Pods-tableView/Pods-tableView.debug.xcconfig"; sourceTree = "<group>"; };
/* End PBXFileReference section */

/* Begin PBXFrameworksBuildPhase section */
		1EE190B822112BEB0061B621 /* Frameworks */ = {
			isa = PBXFrameworksBuildPhase;
			buildActionMask = 2147483647;
			files = (
				8C8AA3BEA7D24F01D1A06F96 /* Pods_tableView.framework in Frameworks */,
			);
			runOnlyForDeploymentPostprocessing = 0;
		};
		1EE190CC22112BEC0061B621 /* Frameworks */ = {
			isa = PBXFrameworksBuildPhase;
			buildActionMask = 2147483647;
			files = (
			);
			runOnlyForDeploymentPostprocessing = 0;
		};
		1EE190D722112BEC0061B621 /* Frameworks */ = {
			isa = PBXFrameworksBuildPhase;
			buildActionMask = 2147483647;
			files = (
			);
			runOnlyForDeploymentPostprocessing = 0;
		};
/* End PBXFrameworksBuildPhase section */

/* Begin PBXGroup section */
		05C05466429C2FE210505907 /* Frameworks */ = {
			isa = PBXGroup;
			children = (
				08BC90CEA33B37E976512B9C /* Pods_tableView.framework */,
			);
			name = Frameworks;
			sourceTree = "<group>";
		};
		1EE190B222112BEB0061B621 = {
			isa = PBXGroup;
			children = (
				1EE190BD22112BEB0061B621 /* tableView */,
				1EE190D222112BEC0061B621 /* tableViewTests */,
				1EE190DD22112BEC0061B621 /* tableViewUITests */,
				1EE190BC22112BEB0061B621 /* Products */,
				CF13B603DE64BD8B08C5BE88 /* Pods */,
				05C05466429C2FE210505907 /* Frameworks */,
			);
			sourceTree = "<group>";
		};
		1EE190BC22112BEB0061B621 /* Products */ = {
			isa = PBXGroup;
			children = (
				1EE190BB22112BEB0061B621 /* tableView.app */,
				1EE190CF22112BEC0061B621 /* tableViewTests.xctest */,
				1EE190DA22112BEC0061B621 /* tableViewUITests.xctest */,
			);
			name = Products;
			sourceTree = "<group>";
		};
		1EE190BD22112BEB0061B621 /* tableView */ = {
			isa = PBXGroup;
			children = (
				1EE190BE22112BEB0061B621 /* AppDelegate.swift */,
				1EE190C022112BEB0061B621 /* ViewController.swift */,
				1EE190C222112BEB0061B621 /* Main.storyboard */,
				1EE190C522112BEC0061B621 /* Assets.xcassets */,
				1EE190EC221148260061B621 /* TableViewExtension.swift */,
				1EE190C722112BEC0061B621 /* LaunchScreen.storyboard */,
				1EE190CA22112BEC0061B621 /* Info.plist */,
			);
			path = tableView;
			sourceTree = "<group>";
		};
		1EE190D222112BEC0061B621 /* tableViewTests */ = {
			isa = PBXGroup;
			children = (
				1EE190D322112BEC0061B621 /* tableViewTests.swift */,
				1EE190D522112BEC0061B621 /* Info.plist */,
			);
			path = tableViewTests;
			sourceTree = "<group>";
		};
		1EE190DD22112BEC0061B621 /* tableViewUITests */ = {
			isa = PBXGroup;
			children = (
				1EE190DE22112BEC0061B621 /* tableViewUITests.swift */,
				1EE190E022112BEC0061B621 /* Info.plist */,
			);
			path = tableViewUITests;
			sourceTree = "<group>";
		};
		CF13B603DE64BD8B08C5BE88 /* Pods */ = {
			isa = PBXGroup;
			children = (
				B647C644FE81E93AC00E9E8D /* Pods-tableView.debug.xcconfig */,
				606D7CDB67C2FAF8FD4C3F8F /* Pods-tableView.release.xcconfig */,
			);
			name = Pods;
			sourceTree = "<group>";
		};
/* End PBXGroup section */

/* Begin PBXNativeTarget section */
		1EE190BA22112BEB0061B621 /* tableView */ = {
			isa = PBXNativeTarget;
			buildConfigurationList = 1EE190E322112BEC0061B621 /* Build configuration list for PBXNativeTarget "tableView" */;
			buildPhases = (
				DF5514AC0D5B4792F7EE0C83 /* [CP] Check Pods Manifest.lock */,
				1EE190B722112BEB0061B621 /* Sources */,
				1EE190B822112BEB0061B621 /* Frameworks */,
				1EE190B922112BEB0061B621 /* Resources */,
				FDB57E6437EC7779880BF021 /* [CP] Embed Pods Frameworks */,
			);
			buildRules = (
			);
			dependencies = (
			);
			name = tableView;
			productName = tableView;
			productReference = 1EE190BB22112BEB0061B621 /* tableView.app */;
			productType = "com.apple.product-type.application";
		};
		1EE190CE22112BEC0061B621 /* tableViewTests */ = {
			isa = PBXNativeTarget;
			buildConfigurationList = 1EE190E622112BEC0061B621 /* Build configuration list for PBXNativeTarget "tableViewTests" */;
			buildPhases = (
				1EE190CB22112BEC0061B621 /* Sources */,
				1EE190CC22112BEC0061B621 /* Frameworks */,
				1EE190CD22112BEC0061B621 /* Resources */,
			);
			buildRules = (
			);
			dependencies = (
				1EE190D122112BEC0061B621 /* PBXTargetDependency */,
			);
			name = tableViewTests;
			productName = tableViewTests;
			productReference = 1EE190CF22112BEC0061B621 /* tableViewTests.xctest */;
			productType = "com.apple.product-type.bundle.unit-test";
		};
		1EE190D922112BEC0061B621 /* tableViewUITests */ = {
			isa = PBXNativeTarget;
			buildConfigurationList = 1EE190E922112BEC0061B621 /* Build configuration list for PBXNativeTarget "tableViewUITests" */;
			buildPhases = (
				1EE190D622112BEC0061B621 /* Sources */,
				1EE190D722112BEC0061B621 /* Frameworks */,
				1EE190D822112BEC0061B621 /* Resources */,
			);
			buildRules = (
			);
			dependencies = (
				1EE190DC22112BEC0061B621 /* PBXTargetDependency */,
			);
			name = tableViewUITests;
			productName = tableViewUITests;
			productReference = 1EE190DA22112BEC0061B621 /* tableViewUITests.xctest */;
			productType = "com.apple.product-type.bundle.ui-testing";
		};
/* End PBXNativeTarget section */

/* Begin PBXProject section */
		1EE190B322112BEB0061B621 /* Project object */ = {
			isa = PBXProject;
			attributes = {
				LastSwiftUpdateCheck = 1010;
				LastUpgradeCheck = 1010;
				TargetAttributes = {
					1EE190BA22112BEB0061B621 = {
						CreatedOnToolsVersion = 10.1;
					};
					1EE190CE22112BEC0061B621 = {
						CreatedOnToolsVersion = 10.1;
						TestTargetID = 1EE190BA22112BEB0061B621;
					};
					1EE190D922112BEC0061B621 = {
						CreatedOnToolsVersion = 10.1;
						TestTargetID = 1EE190BA22112BEB0061B621;
					};
				};
			};
			buildConfigurationList = 1EE190B622112BEB0061B621 /* Build configuration list for PBXProject "tableView" */;
			compatibilityVersion = "Xcode 9.3";
			developmentRegion = en;
			hasScannedForEncodings = 0;
			knownRegions = (
				en,
				Base,
			);
			mainGroup = 1EE190B222112BEB0061B621;
			productRefGroup = 1EE190BC22112BEB0061B621 /* Products */;
			projectDirPath = "";
			projectRoot = "";
			targets = (
				1EE190BA22112BEB0061B621 /* tableView */,
				1EE190CE22112BEC0061B621 /* tableViewTests */,
				1EE190D922112BEC0061B621 /* tableViewUITests */,
			);
		};
/* End PBXProject section */

/* Begin PBXResourcesBuildPhase section */
		1EE190B922112BEB0061B621 /* Resources */ = {
			isa = PBXResourcesBuildPhase;
			buildActionMask = 2147483647;
			files = (
				1EE190C922112BEC0061B621 /* LaunchScreen.storyboard in Resources */,
				1EE190C622112BEC0061B621 /* Assets.xcassets in Resources */,
				1EE190C422112BEB0061B621 /* Main.storyboard in Resources */,
			);
			runOnlyForDeploymentPostprocessing = 0;
		};
		1EE190CD22112BEC0061B621 /* Resources */ = {
			isa = PBXResourcesBuildPhase;
			buildActionMask = 2147483647;
			files = (
			);
			runOnlyForDeploymentPostprocessing = 0;
		};
		1EE190D822112BEC0061B621 /* Resources */ = {
			isa = PBXResourcesBuildPhase;
			buildActionMask = 2147483647;
			files = (
			);
			runOnlyForDeploymentPostprocessing = 0;
		};
/* End PBXResourcesBuildPhase section */

/* Begin PBXShellScriptBuildPhase section */
		DF5514AC0D5B4792F7EE0C83 /* [CP] Check Pods Manifest.lock */ = {
			isa = PBXShellScriptBuildPhase;
			buildActionMask = 2147483647;
			files = (
			);
			inputFileListPaths = (
			);
			inputPaths = (
				"${PODS_PODFILE_DIR_PATH}/Podfile.lock",
				"${PODS_ROOT}/Manifest.lock",
			);
			name = "[CP] Check Pods Manifest.lock";
			outputFileListPaths = (
			);
			outputPaths = (
				"$(DERIVED_FILE_DIR)/Pods-tableView-checkManifestLockResult.txt",
			);
			runOnlyForDeploymentPostprocessing = 0;
			shellPath = /bin/sh;
			shellScript = "diff \"${PODS_PODFILE_DIR_PATH}/Podfile.lock\" \"${PODS_ROOT}/Manifest.lock\" > /dev/null\nif [ $? != 0 ] ; then\n    # print error to STDERR\n    echo \"error: The sandbox is not in sync with the Podfile.lock. Run 'pod install' or update your CocoaPods installation.\" >&2\n    exit 1\nfi\n# This output is used by Xcode 'outputs' to avoid re-running this script phase.\necho \"SUCCESS\" > \"${SCRIPT_OUTPUT_FILE_0}\"\n";
			showEnvVarsInLog = 0;
		};
		FDB57E6437EC7779880BF021 /* [CP] Embed Pods Frameworks */ = {
			isa = PBXShellScriptBuildPhase;
			buildActionMask = 2147483647;
			files = (
			);
			inputFileListPaths = (
			);
			inputPaths = (
				"${SRCROOT}/../../Pods/Target Support Files/Pods-tableView/Pods-tableView-frameworks.sh",
				"${BUILT_PRODUCTS_DIR}/SnapKit/SnapKit.framework",
			);
			name = "[CP] Embed Pods Frameworks";
			outputFileListPaths = (
			);
			outputPaths = (
				"${TARGET_BUILD_DIR}/${FRAMEWORKS_FOLDER_PATH}/SnapKit.framework",
			);
			runOnlyForDeploymentPostprocessing = 0;
			shellPath = /bin/sh;
			shellScript = "\"${SRCROOT}/../../Pods/Target Support Files/Pods-tableView/Pods-tableView-frameworks.sh\"\n";
			showEnvVarsInLog = 0;
		};
/* End PBXShellScriptBuildPhase section */

/* Begin PBXSourcesBuildPhase section */
		1EE190B722112BEB0061B621 /* Sources */ = {
			isa = PBXSourcesBuildPhase;
			buildActionMask = 2147483647;
			files = (
				1EE190ED221148260061B621 /* TableViewExtension.swift in Sources */,
				1EE190C122112BEB0061B621 /* ViewController.swift in Sources */,
				1EE190BF22112BEB0061B621 /* AppDelegate.swift in Sources */,
			);
			runOnlyForDeploymentPostprocessing = 0;
		};
		1EE190CB22112BEC0061B621 /* Sources */ = {
			isa = PBXSourcesBuildPhase;
			buildActionMask = 2147483647;
			files = (
				1EE190D422112BEC0061B621 /* tableViewTests.swift in Sources */,
			);
			runOnlyForDeploymentPostprocessing = 0;
		};
		1EE190D622112BEC0061B621 /* Sources */ = {
			isa = PBXSourcesBuildPhase;
			buildActionMask = 2147483647;
			files = (
				1EE190DF22112BEC0061B621 /* tableViewUITests.swift in Sources */,
			);
			runOnlyForDeploymentPostprocessing = 0;
		};
/* End PBXSourcesBuildPhase section */

/* Begin PBXTargetDependency section */
		1EE190D122112BEC0061B621 /* PBXTargetDependency */ = {
			isa = PBXTargetDependency;
			target = 1EE190BA22112BEB0061B621 /* tableView */;
			targetProxy = 1EE190D022112BEC0061B621 /* PBXContainerItemProxy */;
		};
		1EE190DC22112BEC0061B621 /* PBXTargetDependency */ = {
			isa = PBXTargetDependency;
			target = 1EE190BA22112BEB0061B621 /* tableView */;
			targetProxy = 1EE190DB22112BEC0061B621 /* PBXContainerItemProxy */;
		};
/* End PBXTargetDependency section */

/* Begin PBXVariantGroup section */
		1EE190C222112BEB0061B621 /* Main.storyboard */ = {
			isa = PBXVariantGroup;
			children = (
				1EE190C322112BEB0061B621 /* Base */,
			);
			name = Main.storyboard;
			sourceTree = "<group>";
		};
		1EE190C722112BEC0061B621 /* LaunchScreen.storyboard */ = {
			isa = PBXVariantGroup;
			children = (
				1EE190C822112BEC0061B621 /* Base */,
			);
			name = LaunchScreen.storyboard;
			sourceTree = "<group>";
		};
/* End PBXVariantGroup section */

/* Begin XCBuildConfiguration section */
		1EE190E122112BEC0061B621 /* Debug */ = {
			isa = XCBuildConfiguration;
			buildSettings = {
				ALWAYS_SEARCH_USER_PATHS = NO;
				CLANG_ANALYZER_NONNULL = YES;
				CLANG_ANALYZER_NUMBER_OBJECT_CONVERSION = YES_AGGRESSIVE;
				CLANG_CXX_LANGUAGE_STANDARD = "gnu++14";
				CLANG_CXX_LIBRARY = "libc++";
				CLANG_ENABLE_MODULES = YES;
				CLANG_ENABLE_OBJC_ARC = YES;
				CLANG_ENABLE_OBJC_WEAK = YES;
				CLANG_WARN_BLOCK_CAPTURE_AUTORELEASING = YES;
				CLANG_WARN_BOOL_CONVERSION = YES;
				CLANG_WARN_COMMA = YES;
				CLANG_WARN_CONSTANT_CONVERSION = YES;
				CLANG_WARN_DEPRECATED_OBJC_IMPLEMENTATIONS = YES;
				CLANG_WARN_DIRECT_OBJC_ISA_USAGE = YES_ERROR;
				CLANG_WARN_DOCUMENTATION_COMMENTS = YES;
				CLANG_WARN_EMPTY_BODY = YES;
				CLANG_WARN_ENUM_CONVERSION = YES;
				CLANG_WARN_INFINITE_RECURSION = YES;
				CLANG_WARN_INT_CONVERSION = YES;
				CLANG_WARN_NON_LITERAL_NULL_CONVERSION = YES;
				CLANG_WARN_OBJC_IMPLICIT_RETAIN_SELF = YES;
				CLANG_WARN_OBJC_LITERAL_CONVERSION = YES;
				CLANG_WARN_OBJC_ROOT_CLASS = YES_ERROR;
				CLANG_WARN_RANGE_LOOP_ANALYSIS = YES;
				CLANG_WARN_STRICT_PROTOTYPES = YES;
				CLANG_WARN_SUSPICIOUS_MOVE = YES;
				CLANG_WARN_UNGUARDED_AVAILABILITY = YES_AGGRESSIVE;
				CLANG_WARN_UNREACHABLE_CODE = YES;
				CLANG_WARN__DUPLICATE_METHOD_MATCH = YES;
				CODE_SIGN_IDENTITY = "iPhone Developer";
				COPY_PHASE_STRIP = NO;
				DEBUG_INFORMATION_FORMAT = dwarf;
				ENABLE_STRICT_OBJC_MSGSEND = YES;
				ENABLE_TESTABILITY = YES;
				GCC_C_LANGUAGE_STANDARD = gnu11;
				GCC_DYNAMIC_NO_PIC = NO;
				GCC_NO_COMMON_BLOCKS = YES;
				GCC_OPTIMIZATION_LEVEL = 0;
				GCC_PREPROCESSOR_DEFINITIONS = (
					"DEBUG=1",
					"$(inherited)",
				);
				GCC_WARN_64_TO_32_BIT_CONVERSION = YES;
				GCC_WARN_ABOUT_RETURN_TYPE = YES_ERROR;
				GCC_WARN_UNDECLARED_SELECTOR = YES;
				GCC_WARN_UNINITIALIZED_AUTOS = YES_AGGRESSIVE;
				GCC_WARN_UNUSED_FUNCTION = YES;
				GCC_WARN_UNUSED_VARIABLE = YES;
				IPHONEOS_DEPLOYMENT_TARGET = 12.1;
				MTL_ENABLE_DEBUG_INFO = INCLUDE_SOURCE;
				MTL_FAST_MATH = YES;
				ONLY_ACTIVE_ARCH = YES;
				SDKROOT = iphoneos;
				SWIFT_ACTIVE_COMPILATION_CONDITIONS = DEBUG;
				SWIFT_OPTIMIZATION_LEVEL = "-Onone";
			};
			name = Debug;
		};
		1EE190E222112BEC0061B621 /* Release */ = {
			isa = XCBuildConfiguration;
			buildSettings = {
				ALWAYS_SEARCH_USER_PATHS = NO;
				CLANG_ANALYZER_NONNULL = YES;
				CLANG_ANALYZER_NUMBER_OBJECT_CONVERSION = YES_AGGRESSIVE;
				CLANG_CXX_LANGUAGE_STANDARD = "gnu++14";
				CLANG_CXX_LIBRARY = "libc++";
				CLANG_ENABLE_MODULES = YES;
				CLANG_ENABLE_OBJC_ARC = YES;
				CLANG_ENABLE_OBJC_WEAK = YES;
				CLANG_WARN_BLOCK_CAPTURE_AUTORELEASING = YES;
				CLANG_WARN_BOOL_CONVERSION = YES;
				CLANG_WARN_COMMA = YES;
				CLANG_WARN_CONSTANT_CONVERSION = YES;
				CLANG_WARN_DEPRECATED_OBJC_IMPLEMENTATIONS = YES;
				CLANG_WARN_DIRECT_OBJC_ISA_USAGE = YES_ERROR;
				CLANG_WARN_DOCUMENTATION_COMMENTS = YES;
				CLANG_WARN_EMPTY_BODY = YES;
				CLANG_WARN_ENUM_CONVERSION = YES;
				CLANG_WARN_INFINITE_RECURSION = YES;
				CLANG_WARN_INT_CONVERSION = YES;
				CLANG_WARN_NON_LITERAL_NULL_CONVERSION = YES;
				CLANG_WARN_OBJC_IMPLICIT_RETAIN_SELF = YES;
				CLANG_WARN_OBJC_LITERAL_CONVERSION = YES;
				CLANG_WARN_OBJC_ROOT_CLASS = YES_ERROR;
				CLANG_WARN_RANGE_LOOP_ANALYSIS = YES;
				CLANG_WARN_STRICT_PROTOTYPES = YES;
				CLANG_WARN_SUSPICIOUS_MOVE = YES;
				CLANG_WARN_UNGUARDED_AVAILABILITY = YES_AGGRESSIVE;
				CLANG_WARN_UNREACHABLE_CODE = YES;
				CLANG_WARN__DUPLICATE_METHOD_MATCH = YES;
				CODE_SIGN_IDENTITY = "iPhone Developer";
				COPY_PHASE_STRIP = NO;
				DEBUG_INFORMATION_FORMAT = "dwarf-with-dsym";
				ENABLE_NS_ASSERTIONS = NO;
				ENABLE_STRICT_OBJC_MSGSEND = YES;
				GCC_C_LANGUAGE_STANDARD = gnu11;
				GCC_NO_COMMON_BLOCKS = YES;
				GCC_WARN_64_TO_32_BIT_CONVERSION = YES;
				GCC_WARN_ABOUT_RETURN_TYPE = YES_ERROR;
				GCC_WARN_UNDECLARED_SELECTOR = YES;
				GCC_WARN_UNINITIALIZED_AUTOS = YES_AGGRESSIVE;
				GCC_WARN_UNUSED_FUNCTION = YES;
				GCC_WARN_UNUSED_VARIABLE = YES;
				IPHONEOS_DEPLOYMENT_TARGET = 12.1;
				MTL_ENABLE_DEBUG_INFO = NO;
				MTL_FAST_MATH = YES;
				SDKROOT = iphoneos;
				SWIFT_COMPILATION_MODE = wholemodule;
				SWIFT_OPTIMIZATION_LEVEL = "-O";
				VALIDATE_PRODUCT = YES;
			};
			name = Release;
		};
		1EE190E422112BEC0061B621 /* Debug */ = {
			isa = XCBuildConfiguration;
			baseConfigurationReference = B647C644FE81E93AC00E9E8D /* Pods-tableView.debug.xcconfig */;
			buildSettings = {
				ASSETCATALOG_COMPILER_APPICON_NAME = AppIcon;
				CODE_SIGN_STYLE = Automatic;
				INFOPLIST_FILE = tableView/Info.plist;
				LD_RUNPATH_SEARCH_PATHS = (
					"$(inherited)",
					"@executable_path/Frameworks",
				);
				PRODUCT_BUNDLE_IDENTIFIER = com.tableView;
				PRODUCT_NAME = "$(TARGET_NAME)";
				SWIFT_VERSION = 4.2;
				TARGETED_DEVICE_FAMILY = "1,2";
			};
			name = Debug;
		};
		1EE190E522112BEC0061B621 /* Release */ = {
			isa = XCBuildConfiguration;
			baseConfigurationReference = 606D7CDB67C2FAF8FD4C3F8F /* Pods-tableView.release.xcconfig */;
			buildSettings = {
				ASSETCATALOG_COMPILER_APPICON_NAME = AppIcon;
				CODE_SIGN_STYLE = Automatic;
				INFOPLIST_FILE = tableView/Info.plist;
				LD_RUNPATH_SEARCH_PATHS = (
					"$(inherited)",
					"@executable_path/Frameworks",
				);
				PRODUCT_BUNDLE_IDENTIFIER = com.tableView;
				PRODUCT_NAME = "$(TARGET_NAME)";
				SWIFT_VERSION = 4.2;
				TARGETED_DEVICE_FAMILY = "1,2";
			};
			name = Release;
		};
		1EE190E722112BEC0061B621 /* Debug */ = {
			isa = XCBuildConfiguration;
			buildSettings = {
				ALWAYS_EMBED_SWIFT_STANDARD_LIBRARIES = YES;
				BUNDLE_LOADER = "$(TEST_HOST)";
				CODE_SIGN_STYLE = Automatic;
				INFOPLIST_FILE = tableViewTests/Info.plist;
				LD_RUNPATH_SEARCH_PATHS = (
					"$(inherited)",
					"@executable_path/Frameworks",
					"@loader_path/Frameworks",
				);
				PRODUCT_BUNDLE_IDENTIFIER = com.tableViewTests;
				PRODUCT_NAME = "$(TARGET_NAME)";
				SWIFT_VERSION = 4.2;
				TARGETED_DEVICE_FAMILY = "1,2";
				TEST_HOST = "$(BUILT_PRODUCTS_DIR)/tableView.app/tableView";
			};
			name = Debug;
		};
		1EE190E822112BEC0061B621 /* Release */ = {
			isa = XCBuildConfiguration;
			buildSettings = {
				ALWAYS_EMBED_SWIFT_STANDARD_LIBRARIES = YES;
				BUNDLE_LOADER = "$(TEST_HOST)";
				CODE_SIGN_STYLE = Automatic;
				INFOPLIST_FILE = tableViewTests/Info.plist;
				LD_RUNPATH_SEARCH_PATHS = (
					"$(inherited)",
					"@executable_path/Frameworks",
					"@loader_path/Frameworks",
				);
				PRODUCT_BUNDLE_IDENTIFIER = com.tableViewTests;
				PRODUCT_NAME = "$(TARGET_NAME)";
				SWIFT_VERSION = 4.2;
				TARGETED_DEVICE_FAMILY = "1,2";
				TEST_HOST = "$(BUILT_PRODUCTS_DIR)/tableView.app/tableView";
			};
			name = Release;
		};
		1EE190EA22112BEC0061B621 /* Debug */ = {
			isa = XCBuildConfiguration;
			buildSettings = {
				ALWAYS_EMBED_SWIFT_STANDARD_LIBRARIES = YES;
				CODE_SIGN_STYLE = Automatic;
				INFOPLIST_FILE = tableViewUITests/Info.plist;
				LD_RUNPATH_SEARCH_PATHS = (
					"$(inherited)",
					"@executable_path/Frameworks",
					"@loader_path/Frameworks",
				);
				PRODUCT_BUNDLE_IDENTIFIER = com.tableViewUITests;
				PRODUCT_NAME = "$(TARGET_NAME)";
				SWIFT_VERSION = 4.2;
				TARGETED_DEVICE_FAMILY = "1,2";
				TEST_TARGET_NAME = tableView;
			};
			name = Debug;
		};
		1EE190EB22112BEC0061B621 /* Release */ = {
			isa = XCBuildConfiguration;
			buildSettings = {
				ALWAYS_EMBED_SWIFT_STANDARD_LIBRARIES = YES;
				CODE_SIGN_STYLE = Automatic;
				INFOPLIST_FILE = tableViewUITests/Info.plist;
				LD_RUNPATH_SEARCH_PATHS = (
					"$(inherited)",
					"@executable_path/Frameworks",
					"@loader_path/Frameworks",
				);
				PRODUCT_BUNDLE_IDENTIFIER = com.tableViewUITests;
				PRODUCT_NAME = "$(TARGET_NAME)";
				SWIFT_VERSION = 4.2;
				TARGETED_DEVICE_FAMILY = "1,2";
				TEST_TARGET_NAME = tableView;
			};
			name = Release;
		};
/* End XCBuildConfiguration section */

/* Begin XCConfigurationList section */
		1EE190B622112BEB0061B621 /* Build configuration list for PBXProject "tableView" */ = {
			isa = XCConfigurationList;
			buildConfigurations = (
				1EE190E122112BEC0061B621 /* Debug */,
				1EE190E222112BEC0061B621 /* Release */,
			);
			defaultConfigurationIsVisible = 0;
			defaultConfigurationName = Release;
		};
		1EE190E322112BEC0061B621 /* Build configuration list for PBXNativeTarget "tableView" */ = {
			isa = XCConfigurationList;
			buildConfigurations = (
				1EE190E422112BEC0061B621 /* Debug */,
				1EE190E522112BEC0061B621 /* Release */,
			);
			defaultConfigurationIsVisible = 0;
			defaultConfigurationName = Release;
		};
		1EE190E622112BEC0061B621 /* Build configuration list for PBXNativeTarget "tableViewTests" */ = {
			isa = XCConfigurationList;
			buildConfigurations = (
				1EE190E722112BEC0061B621 /* Debug */,
				1EE190E822112BEC0061B621 /* Release */,
			);
			defaultConfigurationIsVisible = 0;
			defaultConfigurationName = Release;
		};
		1EE190E922112BEC0061B621 /* Build configuration list for PBXNativeTarget "tableViewUITests" */ = {
			isa = XCConfigurationList;
			buildConfigurations = (
				1EE190EA22112BEC0061B621 /* Debug */,
				1EE190EB22112BEC0061B621 /* Release */,
			);
			defaultConfigurationIsVisible = 0;
			defaultConfigurationName = Release;
		};
/* End XCConfigurationList section */
	};
	rootObject = 1EE190B322112BEB0061B621 /* Project object */;
}
